
Microsoft Visual Studio Solution File, Format Version 12.00
# Visual Studio Version 17
VisualStudioVersion = 17.2.32616.157
MinimumVisualStudioVersion = 10.0.40219.1
Project("{FAE04EC0-301F-11D3-BF4B-00C04F79EFBC}") = "ProductivitySimulatorApp", "ProductivitySimulatorApp\ProductivitySimulatorApp.csproj", "{2740CCF5-5B32-4CDF-91A9-1FE70905A72C}"
EndProject
Global
	GlobalSection(SolutionConfigurationPlatforms) = preSolution
		Debug|Any CPU = Debug|Any CPU
		Release|Any CPU = Release|Any CPU
	EndGlobalSection
	GlobalSection(ProjectConfigurationPlatforms) = postSolution
		{2740CCF5-5B32-4CDF-91A9-1FE70905A72C}.Debug|Any CPU.ActiveCfg = Debug|Any CPU
		{2740CCF5-5B32-4CDF-91A9-1FE70905A72C}.Debug|Any CPU.Build.0 = Debug|Any CPU
		{2740CCF5-5B32-4CDF-91A9-1FE70905A72C}.Release|Any CPU.ActiveCfg = Release|Any CPU
		{2740CCF5-5B32-4CDF-91A9-1FE70905A72C}.Release|Any CPU.Build.0 = Release|Any CPU
	EndGlobalSection
	GlobalSection(SolutionProperties) = preSolution
		HideSolutionNode = FALSE
	EndGlobalSection
	GlobalSection(ExtensibilityGlobals) = postSolution
		SolutionGuid = {F5444931-7864-4CA2-8B6D-F00A8F9378C9}
	EndGlobalSection
EndGlobal
